// !$*UTF8*$!
{
	archiveVersion = 1;
	classes = {
	};
	objectVersion = 50;
	objects = {

/* Begin PBXBuildFile section */
		CC1A0EEF219FF55300083D6B /* Big_Explosion_Cut_Off.mp3 in Resources */ = {isa = PBXBuildFile; fileRef = CC1A0EEE219FF55300083D6B /* Big_Explosion_Cut_Off.mp3 */; };
		CC46738A219F2ED80031B7FF /* ProgressHUD.m in Sources */ = {isa = PBXBuildFile; fileRef = CC467387219F2ED80031B7FF /* ProgressHUD.m */; };
		CC46738B219F2ED80031B7FF /* ProgressHUD.bundle in Resources */ = {isa = PBXBuildFile; fileRef = CC467388219F2ED80031B7FF /* ProgressHUD.bundle */; };
		CC7B37E22196053900EAC444 /* AppDelegate.swift in Sources */ = {isa = PBXBuildFile; fileRef = CC7B37E12196053900EAC444 /* AppDelegate.swift */; };
		CC7B37E42196053900EAC444 /* ViewController.swift in Sources */ = {isa = PBXBuildFile; fileRef = CC7B37E32196053900EAC444 /* ViewController.swift */; };
		CC7B37E72196053900EAC444 /* Main.storyboard in Resources */ = {isa = PBXBuildFile; fileRef = CC7B37E52196053900EAC444 /* Main.storyboard */; };
		CC7B37E92196053B00EAC444 /* Assets.xcassets in Resources */ = {isa = PBXBuildFile; fileRef = CC7B37E82196053B00EAC444 /* Assets.xcassets */; };
		CC7B37EC2196053B00EAC444 /* LaunchScreen.storyboard in Resources */ = {isa = PBXBuildFile; fileRef = CC7B37EA2196053B00EAC444 /* LaunchScreen.storyboard */; };
		CC7B385121968B9900EAC444 /* Question.swift in Sources */ = {isa = PBXBuildFile; fileRef = CC7B385021968B9900EAC444 /* Question.swift */; };
		CC7B385321968BDE00EAC444 /* QuestionBank.swift in Sources */ = {isa = PBXBuildFile; fileRef = CC7B385221968BDD00EAC444 /* QuestionBank.swift */; };
		CCE9949F219F3EB9002DEE8A /* pagehome.swift in Sources */ = {isa = PBXBuildFile; fileRef = CCE9949E219F3EB9002DEE8A /* pagehome.swift */; };
		CCE994A6219FC0CD002DEE8A /* Underwater.mp3 in Resources */ = {isa = PBXBuildFile; fileRef = CCE994A5219FC0CD002DEE8A /* Underwater.mp3 */; };
		CCE994A7219FC84E002DEE8A /* FCLamoon.ttf in Resources */ = {isa = PBXBuildFile; fileRef = CCE994A2219F4272002DEE8A /* FCLamoon.ttf */; };
		CCE994A8219FC853002DEE8A /* FCLamoon.otf in Resources */ = {isa = PBXBuildFile; fileRef = CCE994A1219F4252002DEE8A /* FCLamoon.otf */; };
/* End PBXBuildFile section */

/* Begin PBXFileReference section */
		CC1A0EEE219FF55300083D6B /* Big_Explosion_Cut_Off.mp3 */ = {isa = PBXFileReference; lastKnownFileType = audio.mp3; path = Big_Explosion_Cut_Off.mp3; sourceTree = "<group>"; };
		CC467387219F2ED80031B7FF /* ProgressHUD.m */ = {isa = PBXFileReference; fileEncoding = 4; lastKnownFileType = sourcecode.c.objc; path = ProgressHUD.m; sourceTree = "<group>"; };
		CC467388219F2ED80031B7FF /* ProgressHUD.bundle */ = {isa = PBXFileReference; lastKnownFileType = "wrapper.plug-in"; path = ProgressHUD.bundle; sourceTree = "<group>"; };
		CC467389219F2ED80031B7FF /* ProgressHUD.h */ = {isa = PBXFileReference; fileEncoding = 4; lastKnownFileType = sourcecode.c.h; path = ProgressHUD.h; sourceTree = "<group>"; };
		CC7B37DE2196053900EAC444 /* Question_13600176.app */ = {isa = PBXFileReference; explicitFileType = wrapper.application; includeInIndex = 0; path = Question_13600176.app; sourceTree = BUILT_PRODUCTS_DIR; };
		CC7B37E12196053900EAC444 /* AppDelegate.swift */ = {isa = PBXFileReference; lastKnownFileType = sourcecode.swift; path = AppDelegate.swift; sourceTree = "<group>"; };
		CC7B37E32196053900EAC444 /* ViewController.swift */ = {isa = PBXFileReference; lastKnownFileType = sourcecode.swift; path = ViewController.swift; sourceTree = "<group>"; };
		CC7B37E62196053900EAC444 /* Base */ = {isa = PBXFileReference; lastKnownFileType = file.storyboard; name = Base; path = Base.lproj/Main.storyboard; sourceTree = "<group>"; };
		CC7B37E82196053B00EAC444 /* Assets.xcassets */ = {isa = PBXFileReference; lastKnownFileType = folder.assetcatalog; path = Assets.xcassets; sourceTree = "<group>"; };
		CC7B37EB2196053B00EAC444 /* Base */ = {isa = PBXFileReference; lastKnownFileType = file.storyboard; name = Base; path = Base.lproj/LaunchScreen.storyboard; sourceTree = "<group>"; };
		CC7B37ED2196053B00EAC444 /* Info.plist */ = {isa = PBXFileReference; lastKnownFileType = text.plist.xml; path = Info.plist; sourceTree = "<group>"; };
		CC7B385021968B9900EAC444 /* Question.swift */ = {isa = PBXFileReference; lastKnownFileType = sourcecode.swift; path = Question.swift; sourceTree = "<group>"; };
		CC7B385221968BDD00EAC444 /* QuestionBank.swift */ = {isa = PBXFileReference; lastKnownFileType = sourcecode.swift; path = QuestionBank.swift; sourceTree = "<group>"; };
		CCE9949E219F3EB9002DEE8A /* pagehome.swift */ = {isa = PBXFileReference; lastKnownFileType = sourcecode.swift; name = pagehome.swift; path = ../view/pagehome.swift; sourceTree = "<group>"; };
		CCE994A1219F4252002DEE8A /* FCLamoon.otf */ = {isa = PBXFileReference; lastKnownFileType = file; path = FCLamoon.otf; sourceTree = "<group>"; };
		CCE994A2219F4272002DEE8A /* FCLamoon.ttf */ = {isa = PBXFileReference; lastKnownFileType = file; path = FCLamoon.ttf; sourceTree = "<group>"; };
		CCE994A5219FC0CD002DEE8A /* Underwater.mp3 */ = {isa = PBXFileReference; lastKnownFileType = audio.mp3; path = Underwater.mp3; sourceTree = "<group>"; };
/* End PBXFileReference section */

/* Begin PBXFrameworksBuildPhase section */
		CC7B37DB2196053900EAC444 /* Frameworks */ = {
			isa = PBXFrameworksBuildPhase;
			buildActionMask = 2147483647;
			files = (
			);
			runOnlyForDeploymentPostprocessing = 0;
		};
/* End PBXFrameworksBuildPhase section */

/* Begin PBXGroup section */
		CC7B37D52196053900EAC444 = {
			isa = PBXGroup;
			children = (
				CC7B37E02196053900EAC444 /* Question_13600176 */,
				CC7B37DF2196053900EAC444 /* Products */,
			);
			sourceTree = "<group>";
		};
		CC7B37DF2196053900EAC444 /* Products */ = {
			isa = PBXGroup;
			children = (
				CC7B37DE2196053900EAC444 /* Question_13600176.app */,
			);
			name = Products;
			sourceTree = "<group>";
		};
		CC7B37E02196053900EAC444 /* Question_13600176 */ = {
			isa = PBXGroup;
			children = (
				CCE994A0219F4241002DEE8A /* font */,
				CC7B384E21968B5600EAC444 /* view */,
				CC7B384D21968AFE00EAC444 /* controller */,
				CC7B384F21968B6C00EAC444 /* model */,
				CC7B37EA2196053B00EAC444 /* LaunchScreen.storyboard */,
				CC7B37ED2196053B00EAC444 /* Info.plist */,
				CCE994A5219FC0CD002DEE8A /* Underwater.mp3 */,
				CC1A0EEE219FF55300083D6B /* Big_Explosion_Cut_Off.mp3 */,
			);
			path = Question_13600176;
			sourceTree = "<group>";
		};
		CC7B384D21968AFE00EAC444 /* controller */ = {
			isa = PBXGroup;
			children = (
				CC7B37E32196053900EAC444 /* ViewController.swift */,
				CC7B37E12196053900EAC444 /* AppDelegate.swift */,
				CCE9949E219F3EB9002DEE8A /* pagehome.swift */,
			);
			path = controller;
			sourceTree = "<group>";
		};
		CC7B384E21968B5600EAC444 /* view */ = {
			isa = PBXGroup;
			children = (
				CC7B37E82196053B00EAC444 /* Assets.xcassets */,
				CC7B37E52196053900EAC444 /* Main.storyboard */,
			);
			path = view;
			sourceTree = "<group>";
		};
		CC7B384F21968B6C00EAC444 /* model */ = {
			isa = PBXGroup;
			children = (
				CC7B385021968B9900EAC444 /* Question.swift */,
				CC7B385221968BDD00EAC444 /* QuestionBank.swift */,
				CC467388219F2ED80031B7FF /* ProgressHUD.bundle */,
				CC467389219F2ED80031B7FF /* ProgressHUD.h */,
				CC467387219F2ED80031B7FF /* ProgressHUD.m */,
			);
			path = model;
			sourceTree = "<group>";
		};
		CCE994A0219F4241002DEE8A /* font */ = {
			isa = PBXGroup;
			children = (
				CCE994A1219F4252002DEE8A /* FCLamoon.otf */,
				CCE994A2219F4272002DEE8A /* FCLamoon.ttf */,
			);
			path = font;
			sourceTree = "<group>";
		};
/* End PBXGroup section */

/* Begin PBXNativeTarget section */
		CC7B37DD2196053900EAC444 /* Question_13600176 */ = {
			isa = PBXNativeTarget;
			buildConfigurationList = CC7B37F02196053B00EAC444 /* Build configuration list for PBXNativeTarget "Question_13600176" */;
			buildPhases = (
				CC7B37DA2196053900EAC444 /* Sources */,
				CC7B37DB2196053900EAC444 /* Frameworks */,
				CC7B37DC2196053900EAC444 /* Resources */,
			);
			buildRules = (
			);
			dependencies = (
			);
			name = Question_13600176;
			productName = Question_13600176;
			productReference = CC7B37DE2196053900EAC444 /* Question_13600176.app */;
			productType = "com.apple.product-type.application";
		};
/* End PBXNativeTarget section */

/* Begin PBXProject section */
		CC7B37D62196053900EAC444 /* Project object */ = {
			isa = PBXProject;
			attributes = {
				LastSwiftUpdateCheck = 1010;
				LastUpgradeCheck = 1010;
				ORGANIZATIONNAME = "thanut jingjit";
				TargetAttributes = {
					CC7B37DD2196053900EAC444 = {
						CreatedOnToolsVersion = 10.1;
						LastSwiftMigration = 1010;
					};
				};
			};
			buildConfigurationList = CC7B37D92196053900EAC444 /* Build configuration list for PBXProject "Question_13600176" */;
			compatibilityVersion = "Xcode 9.3";
			developmentRegion = en;
			hasScannedForEncodings = 0;
			knownRegions = (
				en,
				Base,
			);
			mainGroup = CC7B37D52196053900EAC444;
			productRefGroup = CC7B37DF2196053900EAC444 /* Products */;
			projectDirPath = "";
			projectRoot = "";
			targets = (
				CC7B37DD2196053900EAC444 /* Question_13600176 */,
			);
		};
/* End PBXProject section */

/* Begin PBXResourcesBuildPhase section */
		CC7B37DC2196053900EAC444 /* Resources */ = {
			isa = PBXResourcesBuildPhase;
			buildActionMask = 2147483647;
			files = (
				CCE994A6219FC0CD002DEE8A /* Underwater.mp3 in Resources */,
				CC46738B219F2ED80031B7FF /* ProgressHUD.bundle in Resources */,
				CC7B37EC2196053B00EAC444 /* LaunchScreen.storyboard in Resources */,
				CC7B37E92196053B00EAC444 /* Assets.xcassets in Resources */,
				CC7B37E72196053900EAC444 /* Main.storyboard in Resources */,
				CCE994A8219FC853002DEE8A /* FCLamoon.otf in Resources */,
				CC1A0EEF219FF55300083D6B /* Big_Explosion_Cut_Off.mp3 in Resources */,
				CCE994A7219FC84E002DEE8A /* FCLamoon.ttf in Resources */,
			);
			runOnlyForDeploymentPostprocessing = 0;
		};
/* End PBXResourcesBuildPhase section */

/* Begin PBXSourcesBuildPhase section */
		CC7B37DA2196053900EAC444 /* Sources */ = {
			isa = PBXSourcesBuildPhase;
			buildActionMask = 2147483647;
			files = (
				CC7B385121968B9900EAC444 /* Question.swift in Sources */,
				CC7B385321968BDE00EAC444 /* QuestionBank.swift in Sources */,
				CC46738A219F2ED80031B7FF /* ProgressHUD.m in Sources */,
				CCE9949F219F3EB9002DEE8A /* pagehome.swift in Sources */,
				CC7B37E42196053900EAC444 /* ViewController.swift in Sources */,
				CC7B37E22196053900EAC444 /* AppDelegate.swift in Sources */,
			);
			runOnlyForDeploymentPostprocessing = 0;
		};
/* End PBXSourcesBuildPhase section */

/* Begin PBXVariantGroup section */
		CC7B37E52196053900EAC444 /* Main.storyboard */ = {
			isa = PBXVariantGroup;
			children = (
				CC7B37E62196053900EAC444 /* Base */,
			);
			name = Main.storyboard;
			sourceTree = "<group>";
		};
		CC7B37EA2196053B00EAC444 /* LaunchScreen.storyboard */ = {
			isa = PBXVariantGroup;
			children = (
				CC7B37EB2196053B00EAC444 /* Base */,
			);
			name = LaunchScreen.storyboard;
			sourceTree = "<group>";
		};
/* End PBXVariantGroup section */

/* Begin XCBuildConfiguration section */
		CC7B37EE2196053B00EAC444 /* Debug */ = {
			isa = XCBuildConfiguration;
			buildSettings = {
				ALWAYS_SEARCH_USER_PATHS = NO;
				CLANG_ANALYZER_NONNULL = YES;
				CLANG_ANALYZER_NUMBER_OBJECT_CONVERSION = YES_AGGRESSIVE;
				CLANG_CXX_LANGUAGE_STANDARD = "gnu++14";
				CLANG_CXX_LIBRARY = "libc++";
				CLANG_ENABLE_MODULES = YES;
				CLANG_ENABLE_OBJC_ARC = YES;
				CLANG_ENABLE_OBJC_WEAK = YES;
				CLANG_WARN_BLOCK_CAPTURE_AUTORELEASING = YES;
				CLANG_WARN_BOOL_CONVERSION = YES;
				CLANG_WARN_COMMA = YES;
				CLANG_WARN_CONSTANT_CONVERSION = YES;
				CLANG_WARN_DEPRECATED_OBJC_IMPLEMENTATIONS = YES;
				CLANG_WARN_DIRECT_OBJC_ISA_USAGE = YES_ERROR;
				CLANG_WARN_DOCUMENTATION_COMMENTS = YES;
				CLANG_WARN_EMPTY_BODY = YES;
				CLANG_WARN_ENUM_CONVERSION = YES;
				CLANG_WARN_INFINITE_RECURSION = YES;
				CLANG_WARN_INT_CONVERSION = YES;
				CLANG_WARN_NON_LITERAL_NULL_CONVERSION = YES;
				CLANG_WARN_OBJC_IMPLICIT_RETAIN_SELF = YES;
				CLANG_WARN_OBJC_LITERAL_CONVERSION = YES;
				CLANG_WARN_OBJC_ROOT_CLASS = YES_ERROR;
				CLANG_WARN_RANGE_LOOP_ANALYSIS = YES;
				CLANG_WARN_STRICT_PROTOTYPES = YES;
				CLANG_WARN_SUSPICIOUS_MOVE = YES;
				CLANG_WARN_UNGUARDED_AVAILABILITY = YES_AGGRESSIVE;
				CLANG_WARN_UNREACHABLE_CODE = YES;
				CLANG_WARN__DUPLICATE_METHOD_MATCH = YES;
				CODE_SIGN_IDENTITY = "iPhone Developer";
				COPY_PHASE_STRIP = NO;
				DEBUG_INFORMATION_FORMAT = dwarf;
				ENABLE_STRICT_OBJC_MSGSEND = YES;
				ENABLE_TESTABILITY = YES;
				GCC_C_LANGUAGE_STANDARD = gnu11;
				GCC_DYNAMIC_NO_PIC = NO;
				GCC_NO_COMMON_BLOCKS = YES;
				GCC_OPTIMIZATION_LEVEL = 0;
				GCC_PREPROCESSOR_DEFINITIONS = (
					"DEBUG=1",
					"$(inherited)",
				);
				GCC_WARN_64_TO_32_BIT_CONVERSION = YES;
				GCC_WARN_ABOUT_RETURN_TYPE = YES_ERROR;
				GCC_WARN_UNDECLARED_SELECTOR = YES;
				GCC_WARN_UNINITIALIZED_AUTOS = YES_AGGRESSIVE;
				GCC_WARN_UNUSED_FUNCTION = YES;
				GCC_WARN_UNUSED_VARIABLE = YES;
				IPHONEOS_DEPLOYMENT_TARGET = 12.1;
				MTL_ENABLE_DEBUG_INFO = INCLUDE_SOURCE;
				MTL_FAST_MATH = YES;
				ONLY_ACTIVE_ARCH = YES;
				SDKROOT = iphoneos;
				SWIFT_ACTIVE_COMPILATION_CONDITIONS = DEBUG;
				SWIFT_OPTIMIZATION_LEVEL = "-Onone";
			};
			name = Debug;
		};
		CC7B37EF2196053B00EAC444 /* Release */ = {
			isa = XCBuildConfiguration;
			buildSettings = {
				ALWAYS_SEARCH_USER_PATHS = NO;
				CLANG_ANALYZER_NONNULL = YES;
				CLANG_ANALYZER_NUMBER_OBJECT_CONVERSION = YES_AGGRESSIVE;
				CLANG_CXX_LANGUAGE_STANDARD = "gnu++14";
				CLANG_CXX_LIBRARY = "libc++";
				CLANG_ENABLE_MODULES = YES;
				CLANG_ENABLE_OBJC_ARC = YES;
				CLANG_ENABLE_OBJC_WEAK = YES;
				CLANG_WARN_BLOCK_CAPTURE_AUTORELEASING = YES;
				CLANG_WARN_BOOL_CONVERSION = YES;
				CLANG_WARN_COMMA = YES;
				CLANG_WARN_CONSTANT_CONVERSION = YES;
				CLANG_WARN_DEPRECATED_OBJC_IMPLEMENTATIONS = YES;
				CLANG_WARN_DIRECT_OBJC_ISA_USAGE = YES_ERROR;
				CLANG_WARN_DOCUMENTATION_COMMENTS = YES;
				CLANG_WARN_EMPTY_BODY = YES;
				CLANG_WARN_ENUM_CONVERSION = YES;
				CLANG_WARN_INFINITE_RECURSION = YES;
				CLANG_WARN_INT_CONVERSION = YES;
				CLANG_WARN_NON_LITERAL_NULL_CONVERSION = YES;
				CLANG_WARN_OBJC_IMPLICIT_RETAIN_SELF = YES;
				CLANG_WARN_OBJC_LITERAL_CONVERSION = YES;
				CLANG_WARN_OBJC_ROOT_CLASS = YES_ERROR;
				CLANG_WARN_RANGE_LOOP_ANALYSIS = YES;
				CLANG_WARN_STRICT_PROTOTYPES = YES;
				CLANG_WARN_SUSPICIOUS_MOVE = YES;
				CLANG_WARN_UNGUARDED_AVAILABILITY = YES_AGGRESSIVE;
				CLANG_WARN_UNREACHABLE_CODE = YES;
				CLANG_WARN__DUPLICATE_METHOD_MATCH = YES;
				CODE_SIGN_IDENTITY = "iPhone Developer";
				COPY_PHASE_STRIP = NO;
				DEBUG_INFORMATION_FORMAT = "dwarf-with-dsym";
				ENABLE_NS_ASSERTIONS = NO;
				ENABLE_STRICT_OBJC_MSGSEND = YES;
				GCC_C_LANGUAGE_STANDARD = gnu11;
				GCC_NO_COMMON_BLOCKS = YES;
				GCC_WARN_64_TO_32_BIT_CONVERSION = YES;
				GCC_WARN_ABOUT_RETURN_TYPE = YES_ERROR;
				GCC_WARN_UNDECLARED_SELECTOR = YES;
				GCC_WARN_UNINITIALIZED_AUTOS = YES_AGGRESSIVE;
				GCC_WARN_UNUSED_FUNCTION = YES;
				GCC_WARN_UNUSED_VARIABLE = YES;
				IPHONEOS_DEPLOYMENT_TARGET = 12.1;
				MTL_ENABLE_DEBUG_INFO = NO;
				MTL_FAST_MATH = YES;
				SDKROOT = iphoneos;
				SWIFT_COMPILATION_MODE = wholemodule;
				SWIFT_OPTIMIZATION_LEVEL = "-O";
				VALIDATE_PRODUCT = YES;
			};
			name = Release;
		};
		CC7B37F12196053B00EAC444 /* Debug */ = {
			isa = XCBuildConfiguration;
			buildSettings = {
				ASSETCATALOG_COMPILER_APPICON_NAME = AppIcon;
				CLANG_ENABLE_MODULES = YES;
				CODE_SIGN_STYLE = Automatic;
				DEVELOPMENT_TEAM = G3ACHT6V8T;
				INFOPLIST_FILE = Question_13600176/Info.plist;
				IPHONEOS_DEPLOYMENT_TARGET = 10.3;
				LD_RUNPATH_SEARCH_PATHS = (
					"$(inherited)",
					"@executable_path/Frameworks",
				);
				PRODUCT_BUNDLE_IDENTIFIER = th.ac.su.ict.thanut;
				PRODUCT_NAME = "$(TARGET_NAME)";
				SWIFT_OBJC_BRIDGING_HEADER = "Question_13600176/Question_13600176-Bridging-Header.h";
				SWIFT_OPTIMIZATION_LEVEL = "-Onone";
				SWIFT_VERSION = 4.2;
				TARGETED_DEVICE_FAMILY = 1;
			};
			name = Debug;
		};
		CC7B37F22196053B00EAC444 /* Release */ = {
			isa = XCBuildConfiguration;
			buildSettings = {
				ASSETCATALOG_COMPILER_APPICON_NAME = AppIcon;
				CLANG_ENABLE_MODULES = YES;
				CODE_SIGN_STYLE = Automatic;
				DEVELOPMENT_TEAM = G3ACHT6V8T;
				INFOPLIST_FILE = Question_13600176/Info.plist;
				IPHONEOS_DEPLOYMENT_TARGET = 10.3;
				LD_RUNPATH_SEARCH_PATHS = (
					"$(inherited)",
					"@executable_path/Frameworks",
				);
				PRODUCT_BUNDLE_IDENTIFIER = th.ac.su.ict.thanut;
				PRODUCT_NAME = "$(TARGET_NAME)";
				SWIFT_OBJC_BRIDGING_HEADER = "Question_13600176/Question_13600176-Bridging-Header.h";
				SWIFT_VERSION = 4.2;
				TARGETED_DEVICE_FAMILY = 1;
			};
			name = Release;
		};
/* End XCBuildConfiguration section */

/* Begin XCConfigurationList section */
		CC7B37D92196053900EAC444 /* Build configuration list for PBXProject "Question_13600176" */ = {
			isa = XCConfigurationList;
			buildConfigurations = (
				CC7B37EE2196053B00EAC444 /* Debug */,
				CC7B37EF2196053B00EAC444 /* Release */,
			);
			defaultConfigurationIsVisible = 0;
			defaultConfigurationName = Release;
		};
		CC7B37F02196053B00EAC444 /* Build configuration list for PBXNativeTarget "Question_13600176" */ = {
			isa = XCConfigurationList;
			buildConfigurations = (
				CC7B37F12196053B00EAC444 /* Debug */,
				CC7B37F22196053B00EAC444 /* Release */,
			);
			defaultConfigurationIsVisible = 0;
			defaultConfigurationName = Release;
		};
/* End XCConfigurationList section */
	};
	rootObject = CC7B37D62196053900EAC444 /* Project object */;
}
